// !$*UTF8*$!
{
	archiveVersion = 1;
	classes = {
	};
	objectVersion = 46;
	objects = {

/* Begin PBXBuildFile section */
		ABE73F71189EB0AB009C704F /* Foundation.framework in Frameworks */ = {isa = PBXBuildFile; fileRef = ABE73F70189EB0AB009C704F /* Foundation.framework */; };
		ABE73F73189EB0AB009C704F /* CoreGraphics.framework in Frameworks */ = {isa = PBXBuildFile; fileRef = ABE73F72189EB0AB009C704F /* CoreGraphics.framework */; };
		ABE73F75189EB0AB009C704F /* UIKit.framework in Frameworks */ = {isa = PBXBuildFile; fileRef = ABE73F74189EB0AB009C704F /* UIKit.framework */; };
		ABE73F7B189EB0AB009C704F /* InfoPlist.strings in Resources */ = {isa = PBXBuildFile; fileRef = ABE73F79189EB0AB009C704F /* InfoPlist.strings */; };
		ABE73F7D189EB0AB009C704F /* main.m in Sources */ = {isa = PBXBuildFile; fileRef = ABE73F7C189EB0AB009C704F /* main.m */; };
		ABE73F81189EB0AB009C704F /* STMAppDelegate.m in Sources */ = {isa = PBXBuildFile; fileRef = ABE73F80189EB0AB009C704F /* STMAppDelegate.m */; };
		ABE73F84189EB0AB009C704F /* Main.storyboard in Resources */ = {isa = PBXBuildFile; fileRef = ABE73F82189EB0AB009C704F /* Main.storyboard */; };
		ABE73F87189EB0AB009C704F /* STMViewController.m in Sources */ = {isa = PBXBuildFile; fileRef = ABE73F86189EB0AB009C704F /* STMViewController.m */; };
		ABE73F89189EB0AB009C704F /* Images.xcassets in Resources */ = {isa = PBXBuildFile; fileRef = ABE73F88189EB0AB009C704F /* Images.xcassets */; };
		ABE73F90189EB0AB009C704F /* XCTest.framework in Frameworks */ = {isa = PBXBuildFile; fileRef = ABE73F8F189EB0AB009C704F /* XCTest.framework */; };
		ABE73F91189EB0AB009C704F /* Foundation.framework in Frameworks */ = {isa = PBXBuildFile; fileRef = ABE73F70189EB0AB009C704F /* Foundation.framework */; };
		ABE73F92189EB0AB009C704F /* UIKit.framework in Frameworks */ = {isa = PBXBuildFile; fileRef = ABE73F74189EB0AB009C704F /* UIKit.framework */; };
		ABE73F9A189EB0AB009C704F /* InfoPlist.strings in Resources */ = {isa = PBXBuildFile; fileRef = ABE73F98189EB0AB009C704F /* InfoPlist.strings */; };
		ABE73F9C189EB0AB009C704F /* STMGradualImageViewTests.m in Sources */ = {isa = PBXBuildFile; fileRef = ABE73F9B189EB0AB009C704F /* STMGradualImageViewTests.m */; };
		ABE73FA8189EB113009C704F /* STMGradualImageView.m in Sources */ = {isa = PBXBuildFile; fileRef = ABE73FA7189EB113009C704F /* STMGradualImageView.m */; };
		ABE73FAC189EB28E009C704F /* Image1.png in Resources */ = {isa = PBXBuildFile; fileRef = ABE73FAA189EB28E009C704F /* Image1.png */; };
		ABE73FAD189EB28E009C704F /* Image2.png in Resources */ = {isa = PBXBuildFile; fileRef = ABE73FAB189EB28E009C704F /* Image2.png */; };
/* End PBXBuildFile section */

/* Begin PBXContainerItemProxy section */
		ABE73F93189EB0AB009C704F /* PBXContainerItemProxy */ = {
			isa = PBXContainerItemProxy;
			containerPortal = ABE73F65189EB0AB009C704F /* Project object */;
			proxyType = 1;
			remoteGlobalIDString = ABE73F6C189EB0AB009C704F;
			remoteInfo = STMGradualImageView;
		};
/* End PBXContainerItemProxy section */

/* Begin PBXFileReference section */
		ABE73F6D189EB0AB009C704F /* STMGradualImageView.app */ = {isa = PBXFileReference; explicitFileType = wrapper.application; includeInIndex = 0; path = STMGradualImageView.app; sourceTree = BUILT_PRODUCTS_DIR; };
		ABE73F70189EB0AB009C704F /* Foundation.framework */ = {isa = PBXFileReference; lastKnownFileType = wrapper.framework; name = Foundation.framework; path = System/Library/Frameworks/Foundation.framework; sourceTree = SDKROOT; };
		ABE73F72189EB0AB009C704F /* CoreGraphics.framework */ = {isa = PBXFileReference; lastKnownFileType = wrapper.framework; name = CoreGraphics.framework; path = System/Library/Frameworks/CoreGraphics.framework; sourceTree = SDKROOT; };
		ABE73F74189EB0AB009C704F /* UIKit.framework */ = {isa = PBXFileReference; lastKnownFileType = wrapper.framework; name = UIKit.framework; path = System/Library/Frameworks/UIKit.framework; sourceTree = SDKROOT; };
		ABE73F78189EB0AB009C704F /* STMGradualImageView-Info.plist */ = {isa = PBXFileReference; lastKnownFileType = text.plist.xml; path = "STMGradualImageView-Info.plist"; sourceTree = "<group>"; };
		ABE73F7A189EB0AB009C704F /* en */ = {isa = PBXFileReference; lastKnownFileType = text.plist.strings; name = en; path = en.lproj/InfoPlist.strings; sourceTree = "<group>"; };
		ABE73F7C189EB0AB009C704F /* main.m */ = {isa = PBXFileReference; lastKnownFileType = sourcecode.c.objc; path = main.m; sourceTree = "<group>"; };
		ABE73F7E189EB0AB009C704F /* STMGradualImageView-Prefix.pch */ = {isa = PBXFileReference; lastKnownFileType = sourcecode.c.h; path = "STMGradualImageView-Prefix.pch"; sourceTree = "<group>"; };
		ABE73F7F189EB0AB009C704F /* STMAppDelegate.h */ = {isa = PBXFileReference; lastKnownFileType = sourcecode.c.h; path = STMAppDelegate.h; sourceTree = "<group>"; };
		ABE73F80189EB0AB009C704F /* STMAppDelegate.m */ = {isa = PBXFileReference; lastKnownFileType = sourcecode.c.objc; path = STMAppDelegate.m; sourceTree = "<group>"; };
		ABE73F83189EB0AB009C704F /* Base */ = {isa = PBXFileReference; lastKnownFileType = file.storyboard; name = Base; path = Base.lproj/Main.storyboard; sourceTree = "<group>"; };
		ABE73F85189EB0AB009C704F /* STMViewController.h */ = {isa = PBXFileReference; lastKnownFileType = sourcecode.c.h; path = STMViewController.h; sourceTree = "<group>"; };
		ABE73F86189EB0AB009C704F /* STMViewController.m */ = {isa = PBXFileReference; lastKnownFileType = sourcecode.c.objc; path = STMViewController.m; sourceTree = "<group>"; };
		ABE73F88189EB0AB009C704F /* Images.xcassets */ = {isa = PBXFileReference; lastKnownFileType = folder.assetcatalog; path = Images.xcassets; sourceTree = "<group>"; };
		ABE73F8E189EB0AB009C704F /* STMGradualImageViewTests.xctest */ = {isa = PBXFileReference; explicitFileType = wrapper.cfbundle; includeInIndex = 0; path = STMGradualImageViewTests.xctest; sourceTree = BUILT_PRODUCTS_DIR; };
		ABE73F8F189EB0AB009C704F /* XCTest.framework */ = {isa = PBXFileReference; lastKnownFileType = wrapper.framework; name = XCTest.framework; path = Library/Frameworks/XCTest.framework; sourceTree = DEVELOPER_DIR; };
		ABE73F97189EB0AB009C704F /* STMGradualImageViewTests-Info.plist */ = {isa = PBXFileReference; lastKnownFileType = text.plist.xml; path = "STMGradualImageViewTests-Info.plist"; sourceTree = "<group>"; };
		ABE73F99189EB0AB009C704F /* en */ = {isa = PBXFileReference; lastKnownFileType = text.plist.strings; name = en; path = en.lproj/InfoPlist.strings; sourceTree = "<group>"; };
		ABE73F9B189EB0AB009C704F /* STMGradualImageViewTests.m */ = {isa = PBXFileReference; lastKnownFileType = sourcecode.c.objc; path = STMGradualImageViewTests.m; sourceTree = "<group>"; };
		ABE73FA6189EB113009C704F /* STMGradualImageView.h */ = {isa = PBXFileReference; fileEncoding = 4; lastKnownFileType = sourcecode.c.h; path = STMGradualImageView.h; sourceTree = "<group>"; };
		ABE73FA7189EB113009C704F /* STMGradualImageView.m */ = {isa = PBXFileReference; fileEncoding = 4; lastKnownFileType = sourcecode.c.objc; path = STMGradualImageView.m; sourceTree = "<group>"; };
		ABE73FAA189EB28E009C704F /* Image1.png */ = {isa = PBXFileReference; lastKnownFileType = image.png; path = Image1.png; sourceTree = "<group>"; };
		ABE73FAB189EB28E009C704F /* Image2.png */ = {isa = PBXFileReference; lastKnownFileType = image.png; path = Image2.png; sourceTree = "<group>"; };
/* End PBXFileReference section */

/* Begin PBXFrameworksBuildPhase section */
		ABE73F6A189EB0AB009C704F /* Frameworks */ = {
			isa = PBXFrameworksBuildPhase;
			buildActionMask = 2147483647;
			files = (
				ABE73F73189EB0AB009C704F /* CoreGraphics.framework in Frameworks */,
				ABE73F75189EB0AB009C704F /* UIKit.framework in Frameworks */,
				ABE73F71189EB0AB009C704F /* Foundation.framework in Frameworks */,
			);
			runOnlyForDeploymentPostprocessing = 0;
		};
		ABE73F8B189EB0AB009C704F /* Frameworks */ = {
			isa = PBXFrameworksBuildPhase;
			buildActionMask = 2147483647;
			files = (
				ABE73F90189EB0AB009C704F /* XCTest.framework in Frameworks */,
				ABE73F92189EB0AB009C704F /* UIKit.framework in Frameworks */,
				ABE73F91189EB0AB009C704F /* Foundation.framework in Frameworks */,
			);
			runOnlyForDeploymentPostprocessing = 0;
		};
/* End PBXFrameworksBuildPhase section */

/* Begin PBXGroup section */
		ABE73F64189EB0AB009C704F = {
			isa = PBXGroup;
			children = (
				ABE73FA5189EB0D1009C704F /* Classes */,
				ABE73F76189EB0AB009C704F /* STMGradualImageView */,
				ABE73F95189EB0AB009C704F /* STMGradualImageViewTests */,
				ABE73F6F189EB0AB009C704F /* Frameworks */,
				ABE73F6E189EB0AB009C704F /* Products */,
			);
			sourceTree = "<group>";
		};
		ABE73F6E189EB0AB009C704F /* Products */ = {
			isa = PBXGroup;
			children = (
				ABE73F6D189EB0AB009C704F /* STMGradualImageView.app */,
				ABE73F8E189EB0AB009C704F /* STMGradualImageViewTests.xctest */,
			);
			name = Products;
			sourceTree = "<group>";
		};
		ABE73F6F189EB0AB009C704F /* Frameworks */ = {
			isa = PBXGroup;
			children = (
				ABE73F70189EB0AB009C704F /* Foundation.framework */,
				ABE73F72189EB0AB009C704F /* CoreGraphics.framework */,
				ABE73F74189EB0AB009C704F /* UIKit.framework */,
				ABE73F8F189EB0AB009C704F /* XCTest.framework */,
			);
			name = Frameworks;
			sourceTree = "<group>";
		};
		ABE73F76189EB0AB009C704F /* STMGradualImageView */ = {
			isa = PBXGroup;
			children = (
				ABE73F7F189EB0AB009C704F /* STMAppDelegate.h */,
				ABE73F80189EB0AB009C704F /* STMAppDelegate.m */,
				ABE73F82189EB0AB009C704F /* Main.storyboard */,
				ABE73F85189EB0AB009C704F /* STMViewController.h */,
				ABE73F86189EB0AB009C704F /* STMViewController.m */,
				ABE73F88189EB0AB009C704F /* Images.xcassets */,
				ABE73FA9189EB265009C704F /* Images */,
				ABE73F77189EB0AB009C704F /* Supporting Files */,
			);
			path = STMGradualImageView;
			sourceTree = "<group>";
		};
		ABE73F77189EB0AB009C704F /* Supporting Files */ = {
			isa = PBXGroup;
			children = (
				ABE73F78189EB0AB009C704F /* STMGradualImageView-Info.plist */,
				ABE73F79189EB0AB009C704F /* InfoPlist.strings */,
				ABE73F7C189EB0AB009C704F /* main.m */,
				ABE73F7E189EB0AB009C704F /* STMGradualImageView-Prefix.pch */,
			);
			name = "Supporting Files";
			sourceTree = "<group>";
		};
		ABE73F95189EB0AB009C704F /* STMGradualImageViewTests */ = {
			isa = PBXGroup;
			children = (
				ABE73F9B189EB0AB009C704F /* STMGradualImageViewTests.m */,
				ABE73F96189EB0AB009C704F /* Supporting Files */,
			);
			path = STMGradualImageViewTests;
			sourceTree = "<group>";
		};
		ABE73F96189EB0AB009C704F /* Supporting Files */ = {
			isa = PBXGroup;
			children = (
				ABE73F97189EB0AB009C704F /* STMGradualImageViewTests-Info.plist */,
				ABE73F98189EB0AB009C704F /* InfoPlist.strings */,
			);
			name = "Supporting Files";
			sourceTree = "<group>";
		};
		ABE73FA5189EB0D1009C704F /* Classes */ = {
			isa = PBXGroup;
			children = (
				ABE73FA6189EB113009C704F /* STMGradualImageView.h */,
				ABE73FA7189EB113009C704F /* STMGradualImageView.m */,
			);
			name = Classes;
			path = ../../Classes/ios;
			sourceTree = SOURCE_ROOT;
		};
		ABE73FA9189EB265009C704F /* Images */ = {
			isa = PBXGroup;
			children = (
				ABE73FAA189EB28E009C704F /* Image1.png */,
				ABE73FAB189EB28E009C704F /* Image2.png */,
			);
			name = Images;
			sourceTree = "<group>";
		};
/* End PBXGroup section */

/* Begin PBXNativeTarget section */
		ABE73F6C189EB0AB009C704F /* STMGradualImageView */ = {
			isa = PBXNativeTarget;
			buildConfigurationList = ABE73F9F189EB0AB009C704F /* Build configuration list for PBXNativeTarget "STMGradualImageView" */;
			buildPhases = (
				ABE73F69189EB0AB009C704F /* Sources */,
				ABE73F6A189EB0AB009C704F /* Frameworks */,
				ABE73F6B189EB0AB009C704F /* Resources */,
			);
			buildRules = (
			);
			dependencies = (
			);
			name = STMGradualImageView;
			productName = STMGradualImageView;
			productReference = ABE73F6D189EB0AB009C704F /* STMGradualImageView.app */;
			productType = "com.apple.product-type.application";
		};
		ABE73F8D189EB0AB009C704F /* STMGradualImageViewTests */ = {
			isa = PBXNativeTarget;
			buildConfigurationList = ABE73FA2189EB0AB009C704F /* Build configuration list for PBXNativeTarget "STMGradualImageViewTests" */;
			buildPhases = (
				ABE73F8A189EB0AB009C704F /* Sources */,
				ABE73F8B189EB0AB009C704F /* Frameworks */,
				ABE73F8C189EB0AB009C704F /* Resources */,
			);
			buildRules = (
			);
			dependencies = (
				ABE73F94189EB0AB009C704F /* PBXTargetDependency */,
			);
			name = STMGradualImageViewTests;
			productName = STMGradualImageViewTests;
			productReference = ABE73F8E189EB0AB009C704F /* STMGradualImageViewTests.xctest */;
			productType = "com.apple.product-type.bundle.unit-test";
		};
/* End PBXNativeTarget section */

/* Begin PBXProject section */
		ABE73F65189EB0AB009C704F /* Project object */ = {
			isa = PBXProject;
			attributes = {
				CLASSPREFIX = STM;
				LastUpgradeCheck = 0500;
				ORGANIZATIONNAME = "Soutaro Matsumoto";
				TargetAttributes = {
					ABE73F8D189EB0AB009C704F = {
						TestTargetID = ABE73F6C189EB0AB009C704F;
					};
				};
			};
			buildConfigurationList = ABE73F68189EB0AB009C704F /* Build configuration list for PBXProject "STMGradualImageView" */;
			compatibilityVersion = "Xcode 3.2";
			developmentRegion = English;
			hasScannedForEncodings = 0;
			knownRegions = (
				en,
				Base,
			);
			mainGroup = ABE73F64189EB0AB009C704F;
			productRefGroup = ABE73F6E189EB0AB009C704F /* Products */;
			projectDirPath = "";
			projectRoot = "";
			targets = (
				ABE73F6C189EB0AB009C704F /* STMGradualImageView */,
				ABE73F8D189EB0AB009C704F /* STMGradualImageViewTests */,
			);
		};
/* End PBXProject section */

/* Begin PBXResourcesBuildPhase section */
		ABE73F6B189EB0AB009C704F /* Resources */ = {
			isa = PBXResourcesBuildPhase;
			buildActionMask = 2147483647;
			files = (
				ABE73FAD189EB28E009C704F /* Image2.png in Resources */,
				ABE73F89189EB0AB009C704F /* Images.xcassets in Resources */,
				ABE73FAC189EB28E009C704F /* Image1.png in Resources */,
				ABE73F7B189EB0AB009C704F /* InfoPlist.strings in Resources */,
				ABE73F84189EB0AB009C704F /* Main.storyboard in Resources */,
			);
			runOnlyForDeploymentPostprocessing = 0;
		};
		ABE73F8C189EB0AB009C704F /* Resources */ = {
			isa = PBXResourcesBuildPhase;
			buildActionMask = 2147483647;
			files = (
				ABE73F9A189EB0AB009C704F /* InfoPlist.strings in Resources */,
			);
			runOnlyForDeploymentPostprocessing = 0;
		};
/* End PBXResourcesBuildPhase section */

/* Begin PBXSourcesBuildPhase section */
		ABE73F69189EB0AB009C704F /* Sources */ = {
			isa = PBXSourcesBuildPhase;
			buildActionMask = 2147483647;
			files = (
				ABE73F7D189EB0AB009C704F /* main.m in Sources */,
				ABE73F87189EB0AB009C704F /* STMViewController.m in Sources */,
				ABE73FA8189EB113009C704F /* STMGradualImageView.m in Sources */,
				ABE73F81189EB0AB009C704F /* STMAppDelegate.m in Sources */,
			);
			runOnlyForDeploymentPostprocessing = 0;
		};
		ABE73F8A189EB0AB009C704F /* Sources */ = {
			isa = PBXSourcesBuildPhase;
			buildActionMask = 2147483647;
			files = (
				ABE73F9C189EB0AB009C704F /* STMGradualImageViewTests.m in Sources */,
			);
			runOnlyForDeploymentPostprocessing = 0;
		};
/* End PBXSourcesBuildPhase section */

/* Begin PBXTargetDependency section */
		ABE73F94189EB0AB009C704F /* PBXTargetDependency */ = {
			isa = PBXTargetDependency;
			target = ABE73F6C189EB0AB009C704F /* STMGradualImageView */;
			targetProxy = ABE73F93189EB0AB009C704F /* PBXContainerItemProxy */;
		};
/* End PBXTargetDependency section */

/* Begin PBXVariantGroup section */
		ABE73F79189EB0AB009C704F /* InfoPlist.strings */ = {
			isa = PBXVariantGroup;
			children = (
				ABE73F7A189EB0AB009C704F /* en */,
			);
			name = InfoPlist.strings;
			sourceTree = "<group>";
		};
		ABE73F82189EB0AB009C704F /* Main.storyboard */ = {
			isa = PBXVariantGroup;
			children = (
				ABE73F83189EB0AB009C704F /* Base */,
			);
			name = Main.storyboard;
			sourceTree = "<group>";
		};
		ABE73F98189EB0AB009C704F /* InfoPlist.strings */ = {
			isa = PBXVariantGroup;
			children = (
				ABE73F99189EB0AB009C704F /* en */,
			);
			name = InfoPlist.strings;
			sourceTree = "<group>";
		};
/* End PBXVariantGroup section */

/* Begin XCBuildConfiguration section */
		ABE73F9D189EB0AB009C704F /* Debug */ = {
			isa = XCBuildConfiguration;
			buildSettings = {
				ALWAYS_SEARCH_USER_PATHS = NO;
				ARCHS = "$(ARCHS_STANDARD_INCLUDING_64_BIT)";
				CLANG_CXX_LANGUAGE_STANDARD = "gnu++0x";
				CLANG_CXX_LIBRARY = "libc++";
				CLANG_ENABLE_MODULES = YES;
				CLANG_ENABLE_OBJC_ARC = YES;
				CLANG_WARN_BOOL_CONVERSION = YES;
				CLANG_WARN_CONSTANT_CONVERSION = YES;
				CLANG_WARN_DIRECT_OBJC_ISA_USAGE = YES_ERROR;
				CLANG_WARN_EMPTY_BODY = YES;
				CLANG_WARN_ENUM_CONVERSION = YES;
				CLANG_WARN_INT_CONVERSION = YES;
				CLANG_WARN_OBJC_ROOT_CLASS = YES_ERROR;
				CLANG_WARN__DUPLICATE_METHOD_MATCH = YES;
				"CODE_SIGN_IDENTITY[sdk=iphoneos*]" = "iPhone Developer";
				COPY_PHASE_STRIP = NO;
				GCC_C_LANGUAGE_STANDARD = gnu99;
				GCC_DYNAMIC_NO_PIC = NO;
				GCC_OPTIMIZATION_LEVEL = 0;
				GCC_PREPROCESSOR_DEFINITIONS = (
					"DEBUG=1",
					"$(inherited)",
				);
				GCC_SYMBOLS_PRIVATE_EXTERN = NO;
				GCC_WARN_64_TO_32_BIT_CONVERSION = YES;
				GCC_WARN_ABOUT_RETURN_TYPE = YES_ERROR;
				GCC_WARN_UNDECLARED_SELECTOR = YES;
				GCC_WARN_UNINITIALIZED_AUTOS = YES;
				GCC_WARN_UNUSED_FUNCTION = YES;
				GCC_WARN_UNUSED_VARIABLE = YES;
				IPHONEOS_DEPLOYMENT_TARGET = 7.0;
				ONLY_ACTIVE_ARCH = YES;
				SDKROOT = iphoneos;
			};
			name = Debug;
		};
		ABE73F9E189EB0AB009C704F /* Release */ = {
			isa = XCBuildConfiguration;
			buildSettings = {
				ALWAYS_SEARCH_USER_PATHS = NO;
				ARCHS = "$(ARCHS_STANDARD_INCLUDING_64_BIT)";
				CLANG_CXX_LANGUAGE_STANDARD = "gnu++0x";
				CLANG_CXX_LIBRARY = "libc++";
				CLANG_ENABLE_MODULES = YES;
				CLANG_ENABLE_OBJC_ARC = YES;
				CLANG_WARN_BOOL_CONVERSION = YES;
				CLANG_WARN_CONSTANT_CONVERSION = YES;
				CLANG_WARN_DIRECT_OBJC_ISA_USAGE = YES_ERROR;
				CLANG_WARN_EMPTY_BODY = YES;
				CLANG_WARN_ENUM_CONVERSION = YES;
				CLANG_WARN_INT_CONVERSION = YES;
				CLANG_WARN_OBJC_ROOT_CLASS = YES_ERROR;
				CLANG_WARN__DUPLICATE_METHOD_MATCH = YES;
				"CODE_SIGN_IDENTITY[sdk=iphoneos*]" = "iPhone Developer";
				COPY_PHASE_STRIP = YES;
				ENABLE_NS_ASSERTIONS = NO;
				GCC_C_LANGUAGE_STANDARD = gnu99;
				GCC_WARN_64_TO_32_BIT_CONVERSION = YES;
				GCC_WARN_ABOUT_RETURN_TYPE = YES_ERROR;
				GCC_WARN_UNDECLARED_SELECTOR = YES;
				GCC_WARN_UNINITIALIZED_AUTOS = YES;
				GCC_WARN_UNUSED_FUNCTION = YES;
				GCC_WARN_UNUSED_VARIABLE = YES;
				IPHONEOS_DEPLOYMENT_TARGET = 7.0;
				SDKROOT = iphoneos;
				VALIDATE_PRODUCT = YES;
			};
			name = Release;
		};
		ABE73FA0189EB0AB009C704F /* Debug */ = {
			isa = XCBuildConfiguration;
			buildSettings = {
				ASSETCATALOG_COMPILER_APPICON_NAME = AppIcon;
				ASSETCATALOG_COMPILER_LAUNCHIMAGE_NAME = LaunchImage;
				GCC_PRECOMPILE_PREFIX_HEADER = YES;
				GCC_PREFIX_HEADER = "STMGradualImageView/STMGradualImageView-Prefix.pch";
				INFOPLIST_FILE = "STMGradualImageView/STMGradualImageView-Info.plist";
				PRODUCT_NAME = "$(TARGET_NAME)";
				WRAPPER_EXTENSION = app;
			};
			name = Debug;
		};
		ABE73FA1189EB0AB009C704F /* Release */ = {
			isa = XCBuildConfiguration;
			buildSettings = {
				ASSETCATALOG_COMPILER_APPICON_NAME = AppIcon;
				ASSETCATALOG_COMPILER_LAUNCHIMAGE_NAME = LaunchImage;
				GCC_PRECOMPILE_PREFIX_HEADER = YES;
				GCC_PREFIX_HEADER = "STMGradualImageView/STMGradualImageView-Prefix.pch";
				INFOPLIST_FILE = "STMGradualImageView/STMGradualImageView-Info.plist";
				PRODUCT_NAME = "$(TARGET_NAME)";
				WRAPPER_EXTENSION = app;
			};
			name = Release;
		};
		ABE73FA3189EB0AB009C704F /* Debug */ = {
			isa = XCBuildConfiguration;
			buildSettings = {
				ARCHS = "$(ARCHS_STANDARD_INCLUDING_64_BIT)";
				BUNDLE_LOADER = "$(BUILT_PRODUCTS_DIR)/STMGradualImageView.app/STMGradualImageView";
				FRAMEWORK_SEARCH_PATHS = (
					"$(SDKROOT)/Developer/Library/Frameworks",
					"$(inherited)",
					"$(DEVELOPER_FRAMEWORKS_DIR)",
				);
				GCC_PRECOMPILE_PREFIX_HEADER = YES;
				GCC_PREFIX_HEADER = "STMGradualImageView/STMGradualImageView-Prefix.pch";
				GCC_PREPROCESSOR_DEFINITIONS = (
					"DEBUG=1",
					"$(inherited)",
				);
				INFOPLIST_FILE = "STMGradualImageViewTests/STMGradualImageViewTests-Info.plist";
				PRODUCT_NAME = "$(TARGET_NAME)";
				TEST_HOST = "$(BUNDLE_LOADER)";
				WRAPPER_EXTENSION = xctest;
			};
			name = Debug;
		};
		ABE73FA4189EB0AB009C704F /* Release */ = {
			isa = XCBuildConfiguration;
			buildSettings = {
				ARCHS = "$(ARCHS_STANDARD_INCLUDING_64_BIT)";
				BUNDLE_LOADER = "$(BUILT_PRODUCTS_DIR)/STMGradualImageView.app/STMGradualImageView";
				FRAMEWORK_SEARCH_PATHS = (
					"$(SDKROOT)/Developer/Library/Frameworks",
					"$(inherited)",
					"$(DEVELOPER_FRAMEWORKS_DIR)",
				);
				GCC_PRECOMPILE_PREFIX_HEADER = YES;
				GCC_PREFIX_HEADER = "STMGradualImageView/STMGradualImageView-Prefix.pch";
				INFOPLIST_FILE = "STMGradualImageViewTests/STMGradualImageViewTests-Info.plist";
				PRODUCT_NAME = "$(TARGET_NAME)";
				TEST_HOST = "$(BUNDLE_LOADER)";
				WRAPPER_EXTENSION = xctest;
			};
			name = Release;
		};
/* End XCBuildConfiguration section */

/* Begin XCConfigurationList section */
		ABE73F68189EB0AB009C704F /* Build configuration list for PBXProject "STMGradualImageView" */ = {
			isa = XCConfigurationList;
			buildConfigurations = (
				ABE73F9D189EB0AB009C704F /* Debug */,
				ABE73F9E189EB0AB009C704F /* Release */,
			);
			defaultConfigurationIsVisible = 0;
			defaultConfigurationName = Release;
		};
		ABE73F9F189EB0AB009C704F /* Build configuration list for PBXNativeTarget "STMGradualImageView" */ = {
			isa = XCConfigurationList;
			buildConfigurations = (
				ABE73FA0189EB0AB009C704F /* Debug */,
				ABE73FA1189EB0AB009C704F /* Release */,
			);
			defaultConfigurationIsVisible = 0;
		};
		ABE73FA2189EB0AB009C704F /* Build configuration list for PBXNativeTarget "STMGradualImageViewTests" */ = {
			isa = XCConfigurationList;
			buildConfigurations = (
				ABE73FA3189EB0AB009C704F /* Debug */,
				ABE73FA4189EB0AB009C704F /* Release */,
			);
			defaultConfigurationIsVisible = 0;
		};
/* End XCConfigurationList section */
	};
	rootObject = ABE73F65189EB0AB009C704F /* Project object */;
}
